// !$*UTF8*$!
{
	archiveVersion = 1;
	classes = {
	};
	objectVersion = 50;
	objects = {

/* Begin PBXBuildFile section */
		64292E8A2444A86E00556A59 /* AppDelegate.swift in Sources */ = {isa = PBXBuildFile; fileRef = 64292E892444A86E00556A59 /* AppDelegate.swift */; };
		64292E8C2444A86E00556A59 /* SceneDelegate.swift in Sources */ = {isa = PBXBuildFile; fileRef = 64292E8B2444A86E00556A59 /* SceneDelegate.swift */; };
		64292E8E2444A86E00556A59 /* ContentView.swift in Sources */ = {isa = PBXBuildFile; fileRef = 64292E8D2444A86E00556A59 /* ContentView.swift */; };
		64292E902444A87100556A59 /* Assets.xcassets in Resources */ = {isa = PBXBuildFile; fileRef = 64292E8F2444A87100556A59 /* Assets.xcassets */; };
		64292E932444A87100556A59 /* Preview Assets.xcassets in Resources */ = {isa = PBXBuildFile; fileRef = 64292E922444A87100556A59 /* Preview Assets.xcassets */; };
		64292E962444A87100556A59 /* LaunchScreen.storyboard in Resources */ = {isa = PBXBuildFile; fileRef = 64292E942444A87100556A59 /* LaunchScreen.storyboard */; };
/* End PBXBuildFile section */

/* Begin PBXFileReference section */
		64292E862444A86E00556A59 /* tryWithJulien.app */ = {isa = PBXFileReference; explicitFileType = wrapper.application; includeInIndex = 0; path = tryWithJulien.app; sourceTree = BUILT_PRODUCTS_DIR; };
		64292E892444A86E00556A59 /* AppDelegate.swift */ = {isa = PBXFileReference; lastKnownFileType = sourcecode.swift; path = AppDelegate.swift; sourceTree = "<group>"; };
		64292E8B2444A86E00556A59 /* SceneDelegate.swift */ = {isa = PBXFileReference; lastKnownFileType = sourcecode.swift; path = SceneDelegate.swift; sourceTree = "<group>"; };
		64292E8D2444A86E00556A59 /* ContentView.swift */ = {isa = PBXFileReference; lastKnownFileType = sourcecode.swift; path = ContentView.swift; sourceTree = "<group>"; };
		64292E8F2444A87100556A59 /* Assets.xcassets */ = {isa = PBXFileReference; lastKnownFileType = folder.assetcatalog; path = Assets.xcassets; sourceTree = "<group>"; };
		64292E922444A87100556A59 /* Preview Assets.xcassets */ = {isa = PBXFileReference; lastKnownFileType = folder.assetcatalog; path = "Preview Assets.xcassets"; sourceTree = "<group>"; };
		64292E952444A87100556A59 /* Base */ = {isa = PBXFileReference; lastKnownFileType = file.storyboard; name = Base; path = Base.lproj/LaunchScreen.storyboard; sourceTree = "<group>"; };
		64292E972444A87100556A59 /* Info.plist */ = {isa = PBXFileReference; lastKnownFileType = text.plist.xml; path = Info.plist; sourceTree = "<group>"; };
/* End PBXFileReference section */

/* Begin PBXFrameworksBuildPhase section */
		64292E832444A86E00556A59 /* Frameworks */ = {
			isa = PBXFrameworksBuildPhase;
			buildActionMask = 2147483647;
			files = (
			);
			runOnlyForDeploymentPostprocessing = 0;
		};
/* End PBXFrameworksBuildPhase section */

/* Begin PBXGroup section */
		64292E7D2444A86E00556A59 = {
			isa = PBXGroup;
			children = (
				64292E882444A86E00556A59 /* tryWithJulien */,
				64292E872444A86E00556A59 /* Products */,
			);
			sourceTree = "<group>";
		};
		64292E872444A86E00556A59 /* Products */ = {
			isa = PBXGroup;
			children = (
				64292E862444A86E00556A59 /* tryWithJulien.app */,
			);
			name = Products;
			sourceTree = "<group>";
		};
		64292E882444A86E00556A59 /* tryWithJulien */ = {
			isa = PBXGroup;
			children = (
				64292E892444A86E00556A59 /* AppDelegate.swift */,
				64292E8B2444A86E00556A59 /* SceneDelegate.swift */,
				64292E8D2444A86E00556A59 /* ContentView.swift */,
				64292E8F2444A87100556A59 /* Assets.xcassets */,
				64292E942444A87100556A59 /* LaunchScreen.storyboard */,
				64292E972444A87100556A59 /* Info.plist */,
				64292E912444A87100556A59 /* Preview Content */,
			);
			path = tryWithJulien;
			sourceTree = "<group>";
		};
		64292E912444A87100556A59 /* Preview Content */ = {
			isa = PBXGroup;
			children = (
				64292E922444A87100556A59 /* Preview Assets.xcassets */,
			);
			path = "Preview Content";
			sourceTree = "<group>";
		};
/* End PBXGroup section */

/* Begin PBXNativeTarget section */
		64292E852444A86E00556A59 /* tryWithJulien */ = {
			isa = PBXNativeTarget;
			buildConfigurationList = 64292E9A2444A87100556A59 /* Build configuration list for PBXNativeTarget "tryWithJulien" */;
			buildPhases = (
				64292E822444A86E00556A59 /* Sources */,
				64292E832444A86E00556A59 /* Frameworks */,
				64292E842444A86E00556A59 /* Resources */,
			);
			buildRules = (
			);
			dependencies = (
			);
			name = tryWithJulien;
			productName = tryWithJulien;
			productReference = 64292E862444A86E00556A59 /* tryWithJulien.app */;
			productType = "com.apple.product-type.application";
		};
/* End PBXNativeTarget section */

/* Begin PBXProject section */
		64292E7E2444A86E00556A59 /* Project object */ = {
			isa = PBXProject;
			attributes = {
				LastSwiftUpdateCheck = 1140;
				LastUpgradeCheck = 1140;
				ORGANIZATIONNAME = "Martin Flament";
				TargetAttributes = {
					64292E852444A86E00556A59 = {
						CreatedOnToolsVersion = 11.4;
					};
				};
			};
			buildConfigurationList = 64292E812444A86E00556A59 /* Build configuration list for PBXProject "tryWithJulien" */;
			compatibilityVersion = "Xcode 9.3";
			developmentRegion = en;
			hasScannedForEncodings = 0;
			knownRegions = (
				en,
				Base,
			);
			mainGroup = 64292E7D2444A86E00556A59;
			productRefGroup = 64292E872444A86E00556A59 /* Products */;
			projectDirPath = "";
			projectRoot = "";
			targets = (
				64292E852444A86E00556A59 /* tryWithJulien */,
			);
		};
/* End PBXProject section */

/* Begin PBXResourcesBuildPhase section */
		64292E842444A86E00556A59 /* Resources */ = {
			isa = PBXResourcesBuildPhase;
			buildActionMask = 2147483647;
			files = (
				64292E962444A87100556A59 /* LaunchScreen.storyboard in Resources */,
				64292E932444A87100556A59 /* Preview Assets.xcassets in Resources */,
				64292E902444A87100556A59 /* Assets.xcassets in Resources */,
			);
			runOnlyForDeploymentPostprocessing = 0;
		};
/* End PBXResourcesBuildPhase section */

/* Begin PBXSourcesBuildPhase section */
		64292E822444A86E00556A59 /* Sources */ = {
			isa = PBXSourcesBuildPhase;
			buildActionMask = 2147483647;
			files = (
				64292E8A2444A86E00556A59 /* AppDelegate.swift in Sources */,
				64292E8C2444A86E00556A59 /* SceneDelegate.swift in Sources */,
				64292E8E2444A86E00556A59 /* ContentView.swift in Sources */,
			);
			runOnlyForDeploymentPostprocessing = 0;
		};
/* End PBXSourcesBuildPhase section */

/* Begin PBXVariantGroup section */
		64292E942444A87100556A59 /* LaunchScreen.storyboard */ = {
			isa = PBXVariantGroup;
			children = (
				64292E952444A87100556A59 /* Base */,
			);
			name = LaunchScreen.storyboard;
			sourceTree = "<group>";
		};
/* End PBXVariantGroup section */

/* Begin XCBuildConfiguration section */
		64292E982444A87100556A59 /* Debug */ = {
			isa = XCBuildConfiguration;
			buildSettings = {
				ALWAYS_SEARCH_USER_PATHS = NO;
				CLANG_ANALYZER_NONNULL = YES;
				CLANG_ANALYZER_NUMBER_OBJECT_CONVERSION = YES_AGGRESSIVE;
				CLANG_CXX_LANGUAGE_STANDARD = "gnu++14";
				CLANG_CXX_LIBRARY = "libc++";
				CLANG_ENABLE_MODULES = YES;
				CLANG_ENABLE_OBJC_ARC = YES;
				CLANG_ENABLE_OBJC_WEAK = YES;
				CLANG_WARN_BLOCK_CAPTURE_AUTORELEASING = YES;
				CLANG_WARN_BOOL_CONVERSION = YES;
				CLANG_WARN_COMMA = YES;
				CLANG_WARN_CONSTANT_CONVERSION = YES;
				CLANG_WARN_DEPRECATED_OBJC_IMPLEMENTATIONS = YES;
				CLANG_WARN_DIRECT_OBJC_ISA_USAGE = YES_ERROR;
				CLANG_WARN_DOCUMENTATION_COMMENTS = YES;
				CLANG_WARN_EMPTY_BODY = YES;
				CLANG_WARN_ENUM_CONVERSION = YES;
				CLANG_WARN_INFINITE_RECURSION = YES;
				CLANG_WARN_INT_CONVERSION = YES;
				CLANG_WARN_NON_LITERAL_NULL_CONVERSION = YES;
				CLANG_WARN_OBJC_IMPLICIT_RETAIN_SELF = YES;
				CLANG_WARN_OBJC_LITERAL_CONVERSION = YES;
				CLANG_WARN_OBJC_ROOT_CLASS = YES_ERROR;
				CLANG_WARN_RANGE_LOOP_ANALYSIS = YES;
				CLANG_WARN_STRICT_PROTOTYPES = YES;
				CLANG_WARN_SUSPICIOUS_MOVE = YES;
				CLANG_WARN_UNGUARDED_AVAILABILITY = YES_AGGRESSIVE;
				CLANG_WARN_UNREACHABLE_CODE = YES;
				CLANG_WARN__DUPLICATE_METHOD_MATCH = YES;
				COPY_PHASE_STRIP = NO;
				DEBUG_INFORMATION_FORMAT = dwarf;
				ENABLE_STRICT_OBJC_MSGSEND = YES;
				ENABLE_TESTABILITY = YES;
				GCC_C_LANGUAGE_STANDARD = gnu11;
				GCC_DYNAMIC_NO_PIC = NO;
				GCC_NO_COMMON_BLOCKS = YES;
				GCC_OPTIMIZATION_LEVEL = 0;
				GCC_PREPROCESSOR_DEFINITIONS = (
					"DEBUG=1",
					"$(inherited)",
				);
				GCC_WARN_64_TO_32_BIT_CONVERSION = YES;
				GCC_WARN_ABOUT_RETURN_TYPE = YES_ERROR;
				GCC_WARN_UNDECLARED_SELECTOR = YES;
				GCC_WARN_UNINITIALIZED_AUTOS = YES_AGGRESSIVE;
				GCC_WARN_UNUSED_FUNCTION = YES;
				GCC_WARN_UNUSED_VARIABLE = YES;
				IPHONEOS_DEPLOYMENT_TARGET = 13.4;
				MTL_ENABLE_DEBUG_INFO = INCLUDE_SOURCE;
				MTL_FAST_MATH = YES;
				ONLY_ACTIVE_ARCH = YES;
				SDKROOT = iphoneos;
				SWIFT_ACTIVE_COMPILATION_CONDITIONS = DEBUG;
				SWIFT_OPTIMIZATION_LEVEL = "-Onone";
			};
			name = Debug;
		};
		64292E992444A87100556A59 /* Release */ = {
			isa = XCBuildConfiguration;
			buildSettings = {
				ALWAYS_SEARCH_USER_PATHS = NO;
				CLANG_ANALYZER_NONNULL = YES;
				CLANG_ANALYZER_NUMBER_OBJECT_CONVERSION = YES_AGGRESSIVE;
				CLANG_CXX_LANGUAGE_STANDARD = "gnu++14";
				CLANG_CXX_LIBRARY = "libc++";
				CLANG_ENABLE_MODULES = YES;
				CLANG_ENABLE_OBJC_ARC = YES;
				CLANG_ENABLE_OBJC_WEAK = YES;
				CLANG_WARN_BLOCK_CAPTURE_AUTORELEASING = YES;
				CLANG_WARN_BOOL_CONVERSION = YES;
				CLANG_WARN_COMMA = YES;
				CLANG_WARN_CONSTANT_CONVERSION = YES;
				CLANG_WARN_DEPRECATED_OBJC_IMPLEMENTATIONS = YES;
				CLANG_WARN_DIRECT_OBJC_ISA_USAGE = YES_ERROR;
				CLANG_WARN_DOCUMENTATION_COMMENTS = YES;
				CLANG_WARN_EMPTY_BODY = YES;
				CLANG_WARN_ENUM_CONVERSION = YES;
				CLANG_WARN_INFINITE_RECURSION = YES;
				CLANG_WARN_INT_CONVERSION = YES;
				CLANG_WARN_NON_LITERAL_NULL_CONVERSION = YES;
				CLANG_WARN_OBJC_IMPLICIT_RETAIN_SELF = YES;
				CLANG_WARN_OBJC_LITERAL_CONVERSION = YES;
				CLANG_WARN_OBJC_ROOT_CLASS = YES_ERROR;
				CLANG_WARN_RANGE_LOOP_ANALYSIS = YES;
				CLANG_WARN_STRICT_PROTOTYPES = YES;
				CLANG_WARN_SUSPICIOUS_MOVE = YES;
				CLANG_WARN_UNGUARDED_AVAILABILITY = YES_AGGRESSIVE;
				CLANG_WARN_UNREACHABLE_CODE = YES;
				CLANG_WARN__DUPLICATE_METHOD_MATCH = YES;
				COPY_PHASE_STRIP = NO;
				DEBUG_INFORMATION_FORMAT = "dwarf-with-dsym";
				ENABLE_NS_ASSERTIONS = NO;
				ENABLE_STRICT_OBJC_MSGSEND = YES;
				GCC_C_LANGUAGE_STANDARD = gnu11;
				GCC_NO_COMMON_BLOCKS = YES;
				GCC_WARN_64_TO_32_BIT_CONVERSION = YES;
				GCC_WARN_ABOUT_RETURN_TYPE = YES_ERROR;
				GCC_WARN_UNDECLARED_SELECTOR = YES;
				GCC_WARN_UNINITIALIZED_AUTOS = YES_AGGRESSIVE;
				GCC_WARN_UNUSED_FUNCTION = YES;
				GCC_WARN_UNUSED_VARIABLE = YES;
				IPHONEOS_DEPLOYMENT_TARGET = 13.4;
				MTL_ENABLE_DEBUG_INFO = NO;
				MTL_FAST_MATH = YES;
				SDKROOT = iphoneos;
				SWIFT_COMPILATION_MODE = wholemodule;
				SWIFT_OPTIMIZATION_LEVEL = "-O";
				VALIDATE_PRODUCT = YES;
			};
			name = Release;
		};
		64292E9B2444A87100556A59 /* Debug */ = {
			isa = XCBuildConfiguration;
			buildSettings = {
				ASSETCATALOG_COMPILER_APPICON_NAME = AppIcon;
				CODE_SIGN_STYLE = Automatic;
				DEVELOPMENT_ASSET_PATHS = "\"tryWithJulien/Preview Content\"";
				ENABLE_PREVIEWS = YES;
				INFOPLIST_FILE = tryWithJulien/Info.plist;
				LD_RUNPATH_SEARCH_PATHS = (
					"$(inherited)",
					"@executable_path/Frameworks",
				);
				PRODUCT_BUNDLE_IDENTIFIER = fr.martinflament.tryWithJulien;
				PRODUCT_NAME = "$(TARGET_NAME)";
				SWIFT_VERSION = 5.0;
				TARGETED_DEVICE_FAMILY = "1,2";
			};
			name = Debug;
		};
		64292E9C2444A87100556A59 /* Release */ = {
			isa = XCBuildConfiguration;
			buildSettings = {
				ASSETCATALOG_COMPILER_APPICON_NAME = AppIcon;
				CODE_SIGN_STYLE = Automatic;
				DEVELOPMENT_ASSET_PATHS = "\"tryWithJulien/Preview Content\"";
				ENABLE_PREVIEWS = YES;
				INFOPLIST_FILE = tryWithJulien/Info.plist;
				LD_RUNPATH_SEARCH_PATHS = (
					"$(inherited)",
					"@executable_path/Frameworks",
				);
				PRODUCT_BUNDLE_IDENTIFIER = fr.martinflament.tryWithJulien;
				PRODUCT_NAME = "$(TARGET_NAME)";
				SWIFT_VERSION = 5.0;
				TARGETED_DEVICE_FAMILY = "1,2";
			};
			name = Release;
		};
/* End XCBuildConfiguration section */

/* Begin XCConfigurationList section */
		64292E812444A86E00556A59 /* Build configuration list for PBXProject "tryWithJulien" */ = {
			isa = XCConfigurationList;
			buildConfigurations = (
				64292E982444A87100556A59 /* Debug */,
				64292E992444A87100556A59 /* Release */,
			);
			defaultConfigurationIsVisible = 0;
			defaultConfigurationName = Release;
		};
		64292E9A2444A87100556A59 /* Build configuration list for PBXNativeTarget "tryWithJulien" */ = {
			isa = XCConfigurationList;
			buildConfigurations = (
				64292E9B2444A87100556A59 /* Debug */,
				64292E9C2444A87100556A59 /* Release */,
			);
			defaultConfigurationIsVisible = 0;
			defaultConfigurationName = Release;
		};
/* End XCConfigurationList section */
	};
	rootObject = 64292E7E2444A86E00556A59 /* Project object */;
}
